
Microsoft Visual Studio Solution File, Format Version 12.00
# Visual Studio 14
VisualStudioVersion = 14.0.23107.0
MinimumVisualStudioVersion = 10.0.40219.1
Project("{FAE04EC0-301F-11D3-BF4B-00C04F79EFBC}") = "JustForFun.WunderCube", "JustForFun.WunderCube\JustForFun.WunderCube.csproj", "{C4700FB9-4C34-4651-8044-0728067F8855}"
EndProject
Project("{FAE04EC0-301F-11D3-BF4B-00C04F79EFBC}") = "JustForFun.WunderCube.Core", "JustForFun.WunderCube.Core\JustForFun.WunderCube.Core.csproj", "{FEBAEC09-DE8F-4FBF-9223-FB06D48AE16B}"
EndProject
Project("{FAE04EC0-301F-11D3-BF4B-00C04F79EFBC}") = "JustForFun.WunderCube.Core.Test", "JustForFun.WunderCube.Core.Test\JustForFun.WunderCube.Core.Test.csproj", "{4DA1B77D-F091-4187-8685-ABC056337B77}"
EndProject
Project("{2150E333-8FDC-42A3-9474-1A3956D46DE8}") = "Solution Items", "Solution Items", "{5AEC6A3D-9F02-4A98-86AC-84AC8FCB7775}"
	ProjectSection(SolutionItems) = preProject
		README.txt = README.txt
	EndProjectSection
EndProject
Global
	GlobalSection(SolutionConfigurationPlatforms) = preSolution
		Debug|Any CPU = Debug|Any CPU
		Release|Any CPU = Release|Any CPU
	EndGlobalSection
	GlobalSection(ProjectConfigurationPlatforms) = postSolution
		{C4700FB9-4C34-4651-8044-0728067F8855}.Debug|Any CPU.ActiveCfg = Debug|Any CPU
		{C4700FB9-4C34-4651-8044-0728067F8855}.Debug|Any CPU.Build.0 = Debug|Any CPU
		{C4700FB9-4C34-4651-8044-0728067F8855}.Release|Any CPU.ActiveCfg = Release|Any CPU
		{C4700FB9-4C34-4651-8044-0728067F8855}.Release|Any CPU.Build.0 = Release|Any CPU
		{FEBAEC09-DE8F-4FBF-9223-FB06D48AE16B}.Debug|Any CPU.ActiveCfg = Debug|Any CPU
		{FEBAEC09-DE8F-4FBF-9223-FB06D48AE16B}.Debug|Any CPU.Build.0 = Debug|Any CPU
		{FEBAEC09-DE8F-4FBF-9223-FB06D48AE16B}.Release|Any CPU.ActiveCfg = Release|Any CPU
		{FEBAEC09-DE8F-4FBF-9223-FB06D48AE16B}.Release|Any CPU.Build.0 = Release|Any CPU
		{4DA1B77D-F091-4187-8685-ABC056337B77}.Debug|Any CPU.ActiveCfg = Debug|Any CPU
		{4DA1B77D-F091-4187-8685-ABC056337B77}.Debug|Any CPU.Build.0 = Debug|Any CPU
		{4DA1B77D-F091-4187-8685-ABC056337B77}.Release|Any CPU.ActiveCfg = Release|Any CPU
		{4DA1B77D-F091-4187-8685-ABC056337B77}.Release|Any CPU.Build.0 = Release|Any CPU
	EndGlobalSection
	GlobalSection(SolutionProperties) = preSolution
		HideSolutionNode = FALSE
	EndGlobalSection
EndGlobal
